version = 1
revision = 3
requires-python = ">=3.14"

[[package]]
name = "agent-skill-description-optimizer"
version = "0.2.6"
source = { editable = "." }

[package.dev-dependencies]
dev = [
    { name = "prek" },
    { name = "pydoclint" },
    { name = "pyright" },
    { name = "pytest" },
    { name = "pytest-asyncio" },
    { name = "pytest-cov" },
    { name = "pytest-mock" },
    { name = "pytest-xdist" },
    { name = "ruff" },
]

[package.metadata]

[package.metadata.requires-dev]
dev = [
    { name = "prek", specifier = ">=0.4.10" },
    { name = "pydoclint", specifier = ">=0.9.1" },
    { name = "pyright", specifier = ">=1.1.411" },
    { name = "pytest", specifier = ">=9.1.1" },
    { name = "pytest-asyncio", specifier = ">=1.4.0" },
    { name = "pytest-cov", specifier = ">=7.1.0" },
    { name = "pytest-mock", specifier = ">=3.15.1" },
    { name = "pytest-xdist", specifier = ">=3.8.0" },
    { name = "ruff", specifier = ">=0.16.1" },
]

[[package]]
name = "click"
version = "8.4.2"
source = { registry = "https://pypi.org/simple" }
dependencies = [
    { name = "colorama", marker = "sys_platform == 'win32'" },
]
sdist = { url = "https://files.pythonhosted.org/packages/76/d4/81420972a676e8ffea40450d8c8c92943e7218a78fe9b64359836cc9876b/click-8.4.2.tar.gz", hash = "sha256:9a6cea6e60b17ebe0a44c5cc636d94f09bd66142c1cd7d8b4cd731c4917a15f6", size = 338000, upload-time = "2026-06-24T17:45:15.148Z" }
wheels = [
    { url = "https://files.pythonhosted.org/packages/fb/e2/79c688af8b210d232694e31e59da9f6ec747bae31c3f5946e4e9b98860d5/click-8.4.2-py3-none-any.whl", hash = "sha256:e6f9f66136c816745b9d65817da91d61d957fb16e02e4dcd0552553c5a197b76", size = 119243, upload-time = "2026-06-24T17:45:13.73Z" },
]

[[package]]
name = "colorama"
version = "0.4.6"
source = { registry = "https://pypi.org/simple" }
sdist = { url = "https://files.pythonhosted.org/packages/d8/53/6f443c9a4a8358a93a6792e2acffb9d9d5cb0a5cfd8802644b7b1c9a02e4/colorama-0.4.6.tar.gz", hash = "sha256:08695f5cb7ed6e0531a20572697297273c47b8cae5a63ffc6d6ed5c201be6e44", size = 27697, upload-time = "2022-10-25T02:36:22.414Z" }
wheels = [
    { url = "https://files.pythonhosted.org/packages/d1/d6/3965ed04c63042e047cb6a3e6ed1a63a35087b6a609aa3a15ed8ac56c221/colorama-0.4.6-py2.py3-none-any.whl", hash = "sha256:4f1d9991f5acc0ca119f9d443620b77f9d6b33703e51011c16baf57afb285fc6", size = 25335, upload-time = "2022-10-25T02:36:20.889Z" },
]

[[package]]
name = "coverage"
version = "7.15.1"
source = { registry = "https://pypi.org/simple" }
sdist = { url = "https://files.pythonhosted.org/packages/4a/83/6051c2a2feab48ae5bd27c84ef047191d2d4a3172f689e38eaa48ed17db1/coverage-7.15.1.tar.gz", hash = "sha256:165e9949eaf222ef1f018635d0d7f368a23bfe0212af558534c40d8c04686d67", size = 927640, upload-time = "2026-07-12T20:58:19.908Z" }
wheels = [
    { url = "https://files.pythonhosted.org/packages/f0/46/81961952e7aebfb38ad0ae4264e8954cc607a7af9e7ac111f9fa986595cc/coverage-7.15.1-cp314-cp314-macosx_10_15_x86_64.whl", hash = "sha256:a886af95f59edf67d5770fd3564d53f4a8af93f25f8c1d60d27e00d7f5674ee8", size = 221560, upload-time = "2026-07-12T20:57:24.282Z" },
    { url = "https://files.pythonhosted.org/packages/13/d2/ee14d715889f216baf47301d9f469e08fff6995552aaf67e897b282865f6/coverage-7.15.1-cp314-cp314-macosx_11_0_arm64.whl", hash = "sha256:985657ebd707941de90d488d1cbb5efac20bdf81f7b91eba771624ccda4d36f4", size = 221894, upload-time = "2026-07-12T20:57:25.87Z" },
    { url = "https://files.pythonhosted.org/packages/f3/38/f830bc6e6c2c5f23f43847125e6c650d378872f7eeba8d49f1d42193e8a9/coverage-7.15.1-cp314-cp314-manylinux1_i686.manylinux_2_28_i686.manylinux_2_5_i686.whl", hash = "sha256:5bbe2a06e0a5e1404d9ffbdb49b819bbd6a3bb198ebea4c8dfe7ad9f1e1c2e81", size = 252938, upload-time = "2026-07-12T20:57:27.506Z" },
    { url = "https://files.pythonhosted.org/packages/e1/53/0d3dd963631259d794c898735d5436e68d6a8d40749c419a07ff7c171469/coverage-7.15.1-cp314-cp314-manylinux1_x86_64.manylinux_2_28_x86_64.manylinux_2_5_x86_64.whl", hash = "sha256:bde0fe24083d0b7b3dbafa7a09f0796410af1afa2523f28f5f208d8340a4aaca", size = 255445, upload-time = "2026-07-12T20:57:29.234Z" },
    { url = "https://files.pythonhosted.org/packages/b1/fd/aabed228557565c958259251b89bab8c5669b31291fa63b3e2154ebb017a/coverage-7.15.1-cp314-cp314-manylinux2014_aarch64.manylinux_2_17_aarch64.manylinux_2_28_aarch64.whl", hash = "sha256:f89f7453d6d46db14cf233e2cd8edcd78de2b9c49d4f1dc109590b4e5dbfbb74", size = 256790, upload-time = "2026-07-12T20:57:30.826Z" },
    { url = "https://files.pythonhosted.org/packages/bc/aa/1cc888e5d3623e603c4e5399653cb25728bb2b40d7519188a3e293d24620/coverage-7.15.1-cp314-cp314-manylinux2014_ppc64le.manylinux_2_17_ppc64le.manylinux_2_28_ppc64le.whl", hash = "sha256:cc3656c9ecc27b36bd0907455b77f83c0069ca9ad4a66dec892b76c696eb6047", size = 259104, upload-time = "2026-07-12T20:57:32.63Z" },
    { url = "https://files.pythonhosted.org/packages/5f/61/fc16d5f5e53098dae41efa21e8ccc611a9b4fe922750dd03dc56db552182/coverage-7.15.1-cp314-cp314-manylinux_2_31_riscv64.manylinux_2_39_riscv64.whl", hash = "sha256:24d8e85a2a45e44883b488c2659f51fa761dad5353fdb319b672a93facbd2ca9", size = 252956, upload-time = "2026-07-12T20:57:34.316Z" },
    { url = "https://files.pythonhosted.org/packages/a1/f3/52384668c3de4519ca770bf1975a89e4d6eb5aa2faf0da0577a14008cba4/coverage-7.15.1-cp314-cp314-musllinux_1_2_aarch64.whl", hash = "sha256:68931b5fe746ed4fdaa8892989cab9e6c35781eeb3b0ab2ded893d561e1b3652", size = 254797, upload-time = "2026-07-12T20:57:35.947Z" },
    { url = "https://files.pythonhosted.org/packages/ce/68/54b807e7c1868178e902fd8360b5d4e559394462f97285c50edf1c4608db/coverage-7.15.1-cp314-cp314-musllinux_1_2_i686.whl", hash = "sha256:1ce6947e2a95534ecaa5a15e73c21e550514c980d80eda204d064d789a95f6a4", size = 252762, upload-time = "2026-07-12T20:57:37.856Z" },
    { url = "https://files.pythonhosted.org/packages/7b/48/dde8adf0338e3ace738757dccf1ce817e5fdcadfae77e1b48a77e5a3b265/coverage-7.15.1-cp314-cp314-musllinux_1_2_ppc64le.whl", hash = "sha256:841befdbc89b9c82435fc25b0f4f41858b6238693e45af758bec4cfc1968171c", size = 257037, upload-time = "2026-07-12T20:57:39.488Z" },
    { url = "https://files.pythonhosted.org/packages/07/f2/179dd88cf60a0aeeee16a970ffe250dccea8b80ed4beab4c5d3f6c41ad4b/coverage-7.15.1-cp314-cp314-musllinux_1_2_riscv64.whl", hash = "sha256:5d3de58b837375e7f4c0e1a088ccab5f655efb2fd7427b729df02c862a559633", size = 252577, upload-time = "2026-07-12T20:57:41.363Z" },
    { url = "https://files.pythonhosted.org/packages/2c/37/8a593d69ab521beb6a105a2017cac4ba94425ee0a8349e29c3c0b522d24f/coverage-7.15.1-cp314-cp314-musllinux_1_2_x86_64.whl", hash = "sha256:b1801963f9f44ae0c0f6d737bc7aeb2bbcde7d1fe7e3b43cddc1961af42d3b41", size = 254235, upload-time = "2026-07-12T20:57:43.025Z" },
    { url = "https://files.pythonhosted.org/packages/6d/34/bc9b3bced66f2cdad4bf5e57ae51c54ea226e8aaaebfc9370a9a11877bf3/coverage-7.15.1-cp314-cp314-win32.whl", hash = "sha256:8c7953c4128ef53b6ffb5f90d87c87d4ce26731df294760bb2314eb0e069e44b", size = 223771, upload-time = "2026-07-12T20:57:44.662Z" },
    { url = "https://files.pythonhosted.org/packages/4c/f3/4d20337bed61915d14349e62b88d5e4144d5a9872b64adbe90e9906db6db/coverage-7.15.1-cp314-cp314-win_amd64.whl", hash = "sha256:6f0bab60a582d415f0fb535ccff13ba334a47a1538f98913330a525d23bd535a", size = 224257, upload-time = "2026-07-12T20:57:46.412Z" },
    { url = "https://files.pythonhosted.org/packages/7b/df/bbfeae4948f3ded516f92b32f2d57952427fc5ecfc0924487bb6ee6a5f38/coverage-7.15.1-cp314-cp314-win_arm64.whl", hash = "sha256:0f410ee8f0ac4ec7db71bc0b7632a8b9994e1cad2755bd1566c17e6a162caa74", size = 223683, upload-time = "2026-07-12T20:57:48.106Z" },
    { url = "https://files.pythonhosted.org/packages/35/65/0b431856064e387d1f5cf474625e4a0465e907024d42f35de6af19ced0be/coverage-7.15.1-cp314-cp314t-macosx_10_15_x86_64.whl", hash = "sha256:fc868bab88e049d41fcd41766810d790a8b960053be2a45e060f5ce0d31d258b", size = 222298, upload-time = "2026-07-12T20:57:49.882Z" },
    { url = "https://files.pythonhosted.org/packages/a6/96/50eac9bd49df8a3df5f3d38746d1bf332299dffb554486c94ebd55c9dc49/coverage-7.15.1-cp314-cp314t-macosx_11_0_arm64.whl", hash = "sha256:206d4ec6028f2773b40932d09f074539d6bcdd8f6b318d40cb04bdbd68ed0b49", size = 222561, upload-time = "2026-07-12T20:57:51.688Z" },
    { url = "https://files.pythonhosted.org/packages/e0/5b/6ba1c4a27e10b8816fd2622b98162c83d3bdf1185097360373611bf96364/coverage-7.15.1-cp314-cp314t-manylinux1_i686.manylinux_2_28_i686.manylinux_2_5_i686.whl", hash = "sha256:620482ef1c9f4e61f962e159325fe77dea59d16e39d9c9470d069053b244d864", size = 263923, upload-time = "2026-07-12T20:57:53.392Z" },
    { url = "https://files.pythonhosted.org/packages/e4/59/fe03ade97a3ca2d890e98c572cf48a99fda9adba85757c34b823f41efe1e/coverage-7.15.1-cp314-cp314t-manylinux1_x86_64.manylinux_2_28_x86_64.manylinux_2_5_x86_64.whl", hash = "sha256:d385fc9b054e309ad3cecdc77b586d2af0c98aeec2fdb3773544586f366e817c", size = 266043, upload-time = "2026-07-12T20:57:55.095Z" },
    { url = "https://files.pythonhosted.org/packages/16/e0/55c4b1217a572a43e13b39e1eb78d0da29fb23679003bd0cdf22c50b1978/coverage-7.15.1-cp314-cp314t-manylinux2014_aarch64.manylinux_2_17_aarch64.manylinux_2_28_aarch64.whl", hash = "sha256:f1198bca9c0dd7c188aae1f185b0c0b5fc4f0a2b6909000858c29550320bdb07", size = 268465, upload-time = "2026-07-12T20:57:57.017Z" },
    { url = "https://files.pythonhosted.org/packages/b1/e2/ee47944f76afc03909119b036fe9e0da8cbd274a5141287de79791a0fb6d/coverage-7.15.1-cp314-cp314t-manylinux2014_ppc64le.manylinux_2_17_ppc64le.manylinux_2_28_ppc64le.whl", hash = "sha256:5d0297e6a070eadb49df7cddd0ab6f420b8b689dd8904c7dd815a323168fa57e", size = 269584, upload-time = "2026-07-12T20:57:58.958Z" },
    { url = "https://files.pythonhosted.org/packages/cb/8a/6b4d9779c7b2e21c3d12c3425e3261aa7411399319e27aa402dfec4db5d0/coverage-7.15.1-cp314-cp314t-manylinux_2_31_riscv64.manylinux_2_39_riscv64.whl", hash = "sha256:916fcf2214f56960e409561b37fc32a160a42b6e85483d0652d7b70fa55d707e", size = 263019, upload-time = "2026-07-12T20:58:00.979Z" },
    { url = "https://files.pythonhosted.org/packages/c4/1e/db5c7fa0c8ba5ece390a1e1a3f30db71d440240a80589df28e66a7503c40/coverage-7.15.1-cp314-cp314t-musllinux_1_2_aarch64.whl", hash = "sha256:f837bae572c7869ffaa502e604c87e182543012831cf87aae4586ad090ac6dcf", size = 265916, upload-time = "2026-07-12T20:58:03.005Z" },
    { url = "https://files.pythonhosted.org/packages/83/53/fe5176682b00709b13fab36addd26883139d0dea430816fea412e69255e2/coverage-7.15.1-cp314-cp314t-musllinux_1_2_i686.whl", hash = "sha256:3ea65e3ee6c7c32349fd00559927a9e577bdd72386087eeed1c42b62dfce9b82", size = 263520, upload-time = "2026-07-12T20:58:04.994Z" },
    { url = "https://files.pythonhosted.org/packages/f9/e7/16f15127be93fbc70c667df5ec5dce934fc76c9b0888d84969a5d5341e2c/coverage-7.15.1-cp314-cp314t-musllinux_1_2_ppc64le.whl", hash = "sha256:345034976f46a1c54bd17f4e43eb30bb92cb7082fcddff03250cff136cc4eb82", size = 267254, upload-time = "2026-07-12T20:58:06.824Z" },
    { url = "https://files.pythonhosted.org/packages/cd/73/e5119111f6f065376395a525f7ce6e9174d83f3db6d217ea0211a61cca4d/coverage-7.15.1-cp314-cp314t-musllinux_1_2_riscv64.whl", hash = "sha256:4f051a64eb8f8addb4661c2b41d6eea5b7ebc68ad4b2baea8d9bc54e1956e5f7", size = 262366, upload-time = "2026-07-12T20:58:08.555Z" },
    { url = "https://files.pythonhosted.org/packages/d7/9c/6d0a81182df18a73b081e7a8630f0e2a52b12dfd7898c6ab839551a454d2/coverage-7.15.1-cp314-cp314t-musllinux_1_2_x86_64.whl", hash = "sha256:a7625770f7720b49bb30d194ad2f8d50fab3c5177874af3d2399676f95f9c594", size = 264680, upload-time = "2026-07-12T20:58:10.359Z" },
    { url = "https://files.pythonhosted.org/packages/d9/a2/bac0cbd4450638f1be2041a464b1766c8cc94abf705a2df6f1c8d4be870d/coverage-7.15.1-cp314-cp314t-win32.whl", hash = "sha256:81e503d130a472ad1bd38199ecd35116b40d92bcd31e27a2cacde035381f2070", size = 224077, upload-time = "2026-07-12T20:58:12.065Z" },
    { url = "https://files.pythonhosted.org/packages/f0/b2/d83c5403155172a43ba47c08641bad3f89822d8405102423a41339d2c857/coverage-7.15.1-cp314-cp314t-win_amd64.whl", hash = "sha256:724e878b213b302ad46e9f2fc872d386613f20ebfc492a211482d917ea76c14f", size = 224908, upload-time = "2026-07-12T20:58:13.956Z" },
    { url = "https://files.pythonhosted.org/packages/cc/41/442b74cad832cc77712080585455482e7cc4f4a9a13192f65731dcd18231/coverage-7.15.1-cp314-cp314t-win_arm64.whl", hash = "sha256:ce2f05c14d077f406fefc4fa5e4f093ad0e0787549f6582535d6e28766f0361b", size = 224219, upload-time = "2026-07-12T20:58:16.315Z" },
    { url = "https://files.pythonhosted.org/packages/34/98/07a67cf1a26e795d617ed5c540c042b0ac87b72f810c30c07f076cf334f3/coverage-7.15.1-py3-none-any.whl", hash = "sha256:717d01e6e00bed56ad13306f19e0dd2f4f645ee8159d2c72c72301d6cfc7090c", size = 213284, upload-time = "2026-07-12T20:58:18.079Z" },
]

[[package]]
name = "docstring-parser-fork"
version = "0.0.16"
source = { registry = "https://pypi.org/simple" }
sdist = { url = "https://files.pythonhosted.org/packages/04/ce/48b17c6c24d0af112f73721a90fac245450e548b82b53169260720f60d07/docstring_parser_fork-0.0.16.tar.gz", hash = "sha256:9ecf861ceab8b87d1297a71001c15a1956ad02e87434ee6473643a5988094f7c", size = 36360, upload-time = "2026-07-03T07:27:46.668Z" }
wheels = [
    { url = "https://files.pythonhosted.org/packages/c1/69/427c34e61827818942b48ececd7c892b8f58ba4ce4cfc89ba9fd8dbe8a8d/docstring_parser_fork-0.0.16-py3-none-any.whl", hash = "sha256:c024c97af582d6acf85a14f0b332b3a2ab08626648d251c25e47191f33064386", size = 25253, upload-time = "2026-07-03T07:27:45.591Z" },
]

[[package]]
name = "execnet"
version = "2.1.2"
source = { registry = "https://pypi.org/simple" }
sdist = { url = "https://files.pythonhosted.org/packages/bf/89/780e11f9588d9e7128a3f87788354c7946a9cbb1401ad38a48c4db9a4f07/execnet-2.1.2.tar.gz", hash = "sha256:63d83bfdd9a23e35b9c6a3261412324f964c2ec8dcd8d3c6916ee9373e0befcd", size = 166622, upload-time = "2025-11-12T09:56:37.75Z" }
wheels = [
    { url = "https://files.pythonhosted.org/packages/ab/84/02fc1827e8cdded4aa65baef11296a9bbe595c474f0d6d758af082d849fd/execnet-2.1.2-py3-none-any.whl", hash = "sha256:67fba928dd5a544b783f6056f449e5e3931a5c378b128bc18501f7ea79e296ec", size = 40708, upload-time = "2025-11-12T09:56:36.333Z" },
]

[[package]]
name = "iniconfig"
version = "2.3.0"
source = { registry = "https://pypi.org/simple" }
sdist = { url = "https://files.pythonhosted.org/packages/72/34/14ca021ce8e5dfedc35312d08ba8bf51fdd999c576889fc2c24cb97f4f10/iniconfig-2.3.0.tar.gz", hash = "sha256:c76315c77db068650d49c5b56314774a7804df16fee4402c1f19d6d15d8c4730", size = 20503, upload-time = "2025-10-18T21:55:43.219Z" }
wheels = [
    { url = "https://files.pythonhosted.org/packages/cb/b1/3846dd7f199d53cb17f49cba7e651e9ce294d8497c8c150530ed11865bb8/iniconfig-2.3.0-py3-none-any.whl", hash = "sha256:f631c04d2c48c52b84d0d0549c99ff3859c98df65b3101406327ecc7d53fbf12", size = 7484, upload-time = "2025-10-18T21:55:41.639Z" },
]

[[package]]
name = "nodeenv"
version = "1.10.0"
source = { registry = "https://pypi.org/simple" }
sdist = { url = "https://files.pythonhosted.org/packages/24/bf/d1bda4f6168e0b2e9e5958945e01910052158313224ada5ce1fb2e1113b8/nodeenv-1.10.0.tar.gz", hash = "sha256:996c191ad80897d076bdfba80a41994c2b47c68e224c542b48feba42ba00f8bb", size = 55611, upload-time = "2025-12-20T14:08:54.006Z" }
wheels = [
    { url = "https://files.pythonhosted.org/packages/88/b2/d0896bdcdc8d28a7fc5717c305f1a861c26e18c05047949fb371034d98bd/nodeenv-1.10.0-py2.py3-none-any.whl", hash = "sha256:5bb13e3eed2923615535339b3c620e76779af4cb4c6a90deccc9e36b274d3827", size = 23438, upload-time = "2025-12-20T14:08:52.782Z" },
]

[[package]]
name = "packaging"
version = "26.2"
source = { registry = "https://pypi.org/simple" }
sdist = { url = "https://files.pythonhosted.org/packages/d7/f1/e7a6dd94a8d4a5626c03e4e99c87f241ba9e350cd9e6d75123f992427270/packaging-26.2.tar.gz", hash = "sha256:ff452ff5a3e828ce110190feff1178bb1f2ea2281fa2075aadb987c2fb221661", size = 228134, upload-time = "2026-04-24T20:15:23.917Z" }
wheels = [
    { url = "https://files.pythonhosted.org/packages/df/b2/87e62e8c3e2f4b32e5fe99e0b86d576da1312593b39f47d8ceef365e95ed/packaging-26.2-py3-none-any.whl", hash = "sha256:5fc45236b9446107ff2415ce77c807cee2862cb6fac22b8a73826d0693b0980e", size = 100195, upload-time = "2026-04-24T20:15:22.081Z" },
]

[[package]]
name = "pluggy"
version = "1.6.0"
source = { registry = "https://pypi.org/simple" }
sdist = { url = "https://files.pythonhosted.org/packages/f9/e2/3e91f31a7d2b083fe6ef3fa267035b518369d9511ffab804f839851d2779/pluggy-1.6.0.tar.gz", hash = "sha256:7dcc130b76258d33b90f61b658791dede3486c3e6bfb003ee5c9bfb396dd22f3", size = 69412, upload-time = "2025-05-15T12:30:07.975Z" }
wheels = [
    { url = "https://files.pythonhosted.org/packages/54/20/4d324d65cc6d9205fabedc306948156824eb9f0ee1633355a8f7ec5c66bf/pluggy-1.6.0-py3-none-any.whl", hash = "sha256:e920276dd6813095e9377c0bc5566d94c932c33b27a3e3945d8389c374dd4746", size = 20538, upload-time = "2025-05-15T12:30:06.134Z" },
]

[[package]]
name = "prek"
version = "0.4.14"
source = { registry = "https://pypi.org/simple" }
sdist = { url = "https://files.pythonhosted.org/packages/cf/51/135dc6ba2c021ce32b40700c8c337db72d802893e15291f4b3056076582f/prek-0.4.14.tar.gz", hash = "sha256:f6d0952e31ffd6e508660749dd51b8d8de96e955ed12c40e411f3224f502fed2", size = 537668, upload-time = "2026-08-17T04:27:55.031Z" }
wheels = [
    { url = "https://files.pythonhosted.org/packages/9d/75/727724174d419cab6e11e0c22c3fbcdd083312b0a0202dfa6befdb7f1bcb/prek-0.4.14-py3-none-linux_armv6l.whl", hash = "sha256:cf7fe2e07c99948ca3326fbd4254054cf4caa71a69cf9032be09c3938544e1e3", size = 5878406, upload-time = "2026-08-17T04:27:30.135Z" },
    { url = "https://files.pythonhosted.org/packages/34/b6/82dfb41347342b4c53c1ddd27cfa81d3e1cf4ad0d5d76493c51e8da58dc9/prek-0.4.14-py3-none-macosx_10_12_x86_64.whl", hash = "sha256:6c8043aa5555c2ada561f4c69429e5117f370ad92f7d708340613b0965e725bd", size = 6216669, upload-time = "2026-08-17T04:27:31.795Z" },
    { url = "https://files.pythonhosted.org/packages/5b/68/ade0ba8b8c0044a3f7ca1a5cd7c97bc10656398c67466b04235f0f0b7418/prek-0.4.14-py3-none-macosx_11_0_arm64.whl", hash = "sha256:355570f0d8366a56817e55f44edf736ffc9ff2323894e21cd739ab519d343541", size = 5728085, upload-time = "2026-08-17T04:27:33.322Z" },
    { url = "https://files.pythonhosted.org/packages/a0/cc/8ddb67fb000d1ad4c95288e6c7e27989d3c172cd88893e3a6f9cdd7199fb/prek-0.4.14-py3-none-manylinux_2_17_aarch64.manylinux2014_aarch64.musllinux_1_1_aarch64.whl", hash = "sha256:334f48a2b19e63c5ab741e601cb6088caaa11d1b75146900dc298b055452d551", size = 6043650, upload-time = "2026-08-17T04:27:34.699Z" },
    { url = "https://files.pythonhosted.org/packages/5b/49/2780489798147fa1e81fa017af384a40229802cf36680cf72c74478d143c/prek-0.4.14-py3-none-manylinux_2_17_armv7l.manylinux2014_armv7l.whl", hash = "sha256:5fbb17270df2dcb3c1aa6edfaa68f850d7968862413e58b1572e41c981f644f9", size = 5786094, upload-time = "2026-08-17T04:27:36.282Z" },
    { url = "https://files.pythonhosted.org/packages/6a/2a/27a4cdfa767b46663eb32a2b5f78ebaaeefc6e5caa87a21587216a504e31/prek-0.4.14-py3-none-manylinux_2_17_i686.manylinux2014_i686.whl", hash = "sha256:8ec46be0b1b45943a0746fdf69feeede274b0230bad32b11e2489bb600846081", size = 6239874, upload-time = "2026-08-17T04:27:37.984Z" },
    { url = "https://files.pythonhosted.org/packages/e0/ca/5ae58d95bc9dbad75ea13aea83fe0acfaca37d027c6bd7f9f1d1d97f3666/prek-0.4.14-py3-none-manylinux_2_17_s390x.manylinux2014_s390x.whl", hash = "sha256:a21eea6ee996dbba351c1af8c6bd1959a61c37949757c0b97aef3edde82c126a", size = 6968009, upload-time = "2026-08-17T04:27:39.48Z" },
    { url = "https://files.pythonhosted.org/packages/bb/1c/c6a7800406f987559fc8e7c2cfd257a5a68096e806e953f143b488e00e4f/prek-0.4.14-py3-none-manylinux_2_17_x86_64.manylinux2014_x86_64.whl", hash = "sha256:34169cb1c8dfbe4b9cb7af164f5c1c3dff68929c61ca1e1de28d378b32720836", size = 6443370, upload-time = "2026-08-17T04:27:41.181Z" },
    { url = "https://files.pythonhosted.org/packages/92/38/4bf84223216ce2d31b500691d1644a9f35d6e468cb8ecb9a7dfbc66bc82c/prek-0.4.14-py3-none-manylinux_2_28_aarch64.whl", hash = "sha256:e39772ebf579f957fdbbc66ef6a7f7433bf603128cd60d5c804c70caac5f69c0", size = 6056449, upload-time = "2026-08-17T04:27:42.722Z" },
    { url = "https://files.pythonhosted.org/packages/75/0a/f1980039ab7bf8342c4aa4da2a4cafe40e6a840f456d5bbf86ba024fcdca/prek-0.4.14-py3-none-manylinux_2_31_riscv64.whl", hash = "sha256:a79e5940354a789e1311172a960c5daa75e3f643a47ee2be85b7d2ca1d7d980a", size = 5839941, upload-time = "2026-08-17T04:27:44.306Z" },
    { url = "https://files.pythonhosted.org/packages/f1/e2/67f067dcb912e157bc7f4cd2aeb422a0de65e7744c675d7f439676f6c832/prek-0.4.14-py3-none-musllinux_1_1_armv7l.whl", hash = "sha256:60b6539c1b28804807849173a6b49d467f6f36ca98bbb4536f5e34114d79942a", size = 5762723, upload-time = "2026-08-17T04:27:45.737Z" },
    { url = "https://files.pythonhosted.org/packages/84/39/6669fff5c3336a2b79cf853c86b95547cf9be720a2ee7e4ae5eaa6cb46a1/prek-0.4.14-py3-none-musllinux_1_1_i686.whl", hash = "sha256:24cfabd9e5b8c5546ecaef562841a41a255a9dec1b7ae7761ce5a7a024ab9dd9", size = 6090040, upload-time = "2026-08-17T04:27:47.185Z" },
    { url = "https://files.pythonhosted.org/packages/2a/23/c23210be4c89795a854e76146c2465aaffc3d85ea83df61c1d4d5bb41bca/prek-0.4.14-py3-none-musllinux_1_1_x86_64.whl", hash = "sha256:1f08d368da45439f949885bb0b637bc7dfe6910140d5285fa8bae058697ddd06", size = 6570273, upload-time = "2026-08-17T04:27:48.673Z" },
    { url = "https://files.pythonhosted.org/packages/00/9c/4f10728ed36295347e84f01bb3e4c9078c9e337edc66215f5e2066b30551/prek-0.4.14-py3-none-win32.whl", hash = "sha256:5bfb30808ce2099c67d2a2d4cd68dc031e3fec1eeb61d73ef51a8f7c04d021cb", size = 5586715, upload-time = "2026-08-17T04:27:50.471Z" },
    { url = "https://files.pythonhosted.org/packages/4f/a7/d080a157d4e92927f7618d62d6a23979ef64a10c76a040cb8a8a194c50d7/prek-0.4.14-py3-none-win_amd64.whl", hash = "sha256:29364012d5704475d1092eb8a96ea30b163279096ad5e0c80a620fffa79bc639", size = 5969946, upload-time = "2026-08-17T04:27:51.971Z" },
    { url = "https://files.pythonhosted.org/packages/37/e1/6fc64bb82e7270f61707e00b6d3154a4592ae0b2d3bd308173aa7aabe0a1/prek-0.4.14-py3-none-win_arm64.whl", hash = "sha256:ff588c02e10c8d05150763607671a22d5585c0ff7036c884d3489c2726eb215c", size = 5729906, upload-time = "2026-08-17T04:27:53.52Z" },
]

[[package]]
name = "pydoclint"
version = "0.9.1"
source = { registry = "https://pypi.org/simple" }
dependencies = [
    { name = "click" },
    { name = "docstring-parser-fork" },
]
sdist = { url = "https://files.pythonhosted.org/packages/4c/46/e5043a43a127627c4eb901f511787096fe2b50d27bdf5e36dcc21e502dec/pydoclint-0.9.1.tar.gz", hash = "sha256:eb699ecf95124b8d0b881d55cd53cccaa567172005d1223ec91a0259b51a5650", size = 206434, upload-time = "2026-07-03T08:17:08.879Z" }
wheels = [
    { url = "https://files.pythonhosted.org/packages/bc/35/e2fa913ba2d692ccefbf2e21337fe3fd44200efd9a6ee1ba65766eff7d14/pydoclint-0.9.1-py3-none-any.whl", hash = "sha256:685b4a1c3c852045e4523b61d9c3f789672dfab3a454fe51a9e346c9e21dfcdb", size = 84702, upload-time = "2026-07-03T08:17:07.827Z" },
]

[[package]]
name = "pygments"
version = "2.20.0"
source = { registry = "https://pypi.org/simple" }
sdist = { url = "https://files.pythonhosted.org/packages/c3/b2/bc9c9196916376152d655522fdcebac55e66de6603a76a02bca1b6414f6c/pygments-2.20.0.tar.gz", hash = "sha256:6757cd03768053ff99f3039c1a36d6c0aa0b263438fcab17520b30a303a82b5f", size = 4955991, upload-time = "2026-03-29T13:29:33.898Z" }
wheels = [
    { url = "https://files.pythonhosted.org/packages/f4/7e/a72dd26f3b0f4f2bf1dd8923c85f7ceb43172af56d63c7383eb62b332364/pygments-2.20.0-py3-none-any.whl", hash = "sha256:81a9e26dd42fd28a23a2d169d86d7ac03b46e2f8b59ed4698fb4785f946d0176", size = 1231151, upload-time = "2026-03-29T13:29:30.038Z" },
]

[[package]]
name = "pyright"
version = "1.1.411"
source = { registry = "https://pypi.org/simple" }
dependencies = [
    { name = "nodeenv" },
    { name = "typing-extensions" },
]
sdist = { url = "https://files.pythonhosted.org/packages/7e/ab/265f7dc69d28113ebba19092e57b075f41543b2ed048429c5f56e2b88eac/pyright-1.1.411.tar.gz", hash = "sha256:d885a0551f2e763b089a02702174e7f4ba77548cddabc972ab86d1f7f1b0f998", size = 4112861, upload-time = "2026-06-25T02:14:06.37Z" }
wheels = [
    { url = "https://files.pythonhosted.org/packages/0a/49/385be530a6a5b78d1cbcd5c2e38debc8959a2fc6bdb716f4e581002979fc/pyright-1.1.411-py3-none-any.whl", hash = "sha256:dc7c72a8e2700c55baa127554040e067041ea53ccfd50bf96308cc4291c7d5d9", size = 6181526, upload-time = "2026-06-25T02:14:04.691Z" },
]

[[package]]
name = "pytest"
version = "9.1.1"
source = { registry = "https://pypi.org/simple" }
dependencies = [
    { name = "colorama", marker = "sys_platform == 'win32'" },
    { name = "iniconfig" },
    { name = "packaging" },
    { name = "pluggy" },
    { name = "pygments" },
]
sdist = { url = "https://files.pythonhosted.org/packages/e4/47/b9efed96c114afcfa3c9d3fe98a76a1d14c74a9e266d397cf6eb64be5e01/pytest-9.1.1.tar.gz", hash = "sha256:1088fbde8f2b49d95a549a195707afa7a76a3ce9bcadc26b6d71f0ffda5fe313", size = 1636369, upload-time = "2026-06-19T10:58:32.857Z" }
wheels = [
    { url = "https://files.pythonhosted.org/packages/24/25/1de2678b631f5a49215c6c96fff41ba892b0a34df68d6d80292b1b48aa7f/pytest-9.1.1-py3-none-any.whl", hash = "sha256:37a86b45efb9a47a61a36449063e8e18d0cab3161329fc099eb21783169c4f0c", size = 386536, upload-time = "2026-06-19T10:58:31.347Z" },
]

[[package]]
name = "pytest-asyncio"
version = "1.4.0"
source = { registry = "https://pypi.org/simple" }
dependencies = [
    { name = "pytest" },
]
sdist = { url = "https://files.pythonhosted.org/packages/43/7c/d36d04db312ecf4298932ef77e6e4a9e8ad017906e24e34f0b0c361a2473/pytest_asyncio-1.4.0.tar.gz", hash = "sha256:c6c0d2259945122819f171a32ecea2c349ead889ee28176caaf492143424be42", size = 58514, upload-time = "2026-05-26T09:56:04.083Z" }
wheels = [
    { url = "https://files.pythonhosted.org/packages/03/e2/08a497ef684b88559c9cc5f4ad53a37e7b99e727094a86d6ea32536d5d3c/pytest_asyncio-1.4.0-py3-none-any.whl", hash = "sha256:933ca923a23075a87fb7070c0ec272a6848489824d887c85c812670932835aa1", size = 16930, upload-time = "2026-05-26T09:56:02.576Z" },
]

[[package]]
name = "pytest-cov"
version = "7.1.0"
source = { registry = "https://pypi.org/simple" }
dependencies = [
    { name = "coverage" },
    { name = "pluggy" },
    { name = "pytest" },
]
sdist = { url = "https://files.pythonhosted.org/packages/b1/51/a849f96e117386044471c8ec2bd6cfebacda285da9525c9106aeb28da671/pytest_cov-7.1.0.tar.gz", hash = "sha256:30674f2b5f6351aa09702a9c8c364f6a01c27aae0c1366ae8016160d1efc56b2", size = 55592, upload-time = "2026-03-21T20:11:16.284Z" }
wheels = [
    { url = "https://files.pythonhosted.org/packages/9d/7a/d968e294073affff457b041c2be9868a40c1c71f4a35fcc1e45e5493067b/pytest_cov-7.1.0-py3-none-any.whl", hash = "sha256:a0461110b7865f9a271aa1b51e516c9a95de9d696734a2f71e3e78f46e1d4678", size = 22876, upload-time = "2026-03-21T20:11:14.438Z" },
]

[[package]]
name = "pytest-mock"
version = "3.15.1"
source = { registry = "https://pypi.org/simple" }
dependencies = [
    { name = "pytest" },
]
sdist = { url = "https://files.pythonhosted.org/packages/68/14/eb014d26be205d38ad5ad20d9a80f7d201472e08167f0bb4361e251084a9/pytest_mock-3.15.1.tar.gz", hash = "sha256:1849a238f6f396da19762269de72cb1814ab44416fa73a8686deac10b0d87a0f", size = 34036, upload-time = "2025-09-16T16:37:27.081Z" }
wheels = [
    { url = "https://files.pythonhosted.org/packages/5a/cc/06253936f4a7fa2e0f48dfe6d851d9c56df896a9ab09ac019d70b760619c/pytest_mock-3.15.1-py3-none-any.whl", hash = "sha256:0a25e2eb88fe5168d535041d09a4529a188176ae608a6d249ee65abc0949630d", size = 10095, upload-time = "2025-09-16T16:37:25.734Z" },
]

[[package]]
name = "pytest-xdist"
version = "3.8.0"
source = { registry = "https://pypi.org/simple" }
dependencies = [
    { name = "execnet" },
    { name = "pytest" },
]
sdist = { url = "https://files.pythonhosted.org/packages/78/b4/439b179d1ff526791eb921115fca8e44e596a13efeda518b9d845a619450/pytest_xdist-3.8.0.tar.gz", hash = "sha256:7e578125ec9bc6050861aa93f2d59f1d8d085595d6551c2c90b6f4fad8d3a9f1", size = 88069, upload-time = "2025-07-01T13:30:59.346Z" }
wheels = [
    { url = "https://files.pythonhosted.org/packages/ca/31/d4e37e9e550c2b92a9cbc2e4d0b7420a27224968580b5a447f420847c975/pytest_xdist-3.8.0-py3-none-any.whl", hash = "sha256:202ca578cfeb7370784a8c33d6d05bc6e13b4f25b5053c30a152269fd10f0b88", size = 46396, upload-time = "2025-07-01T13:30:56.632Z" },
]

[[package]]
name = "ruff"
version = "0.16.3"
source = { registry = "https://pypi.org/simple" }
sdist = { url = "https://files.pythonhosted.org/packages/61/b3/3213589383f8f1b3938781bd1278713f6d18621a14992b3e81fefb8a5ef9/ruff-0.16.3.tar.gz", hash = "sha256:e76d33a347661a84b5be6d043d0347fdc745dfdcf825a8f4fed64b5e26eebdf2", size = 4891904, upload-time = "2026-08-13T15:17:13.381Z" }
wheels = [
    { url = "https://files.pythonhosted.org/packages/bf/96/493770daebd68c0a67f1549fdf519f53be51fc435186c0585bcc272fd76c/ruff-0.16.3-py3-none-linux_armv6l.whl", hash = "sha256:0c5710e247a58a4521e66e124ba9a74655b414f61ba3a2e9e3811e11098f48f7", size = 10902799, upload-time = "2026-08-13T15:16:27.382Z" },
    { url = "https://files.pythonhosted.org/packages/5e/e6/2becf3942fddc29a29b8df47691d456fb1085391a694f74d84513251418c/ruff-0.16.3-py3-none-macosx_10_12_x86_64.whl", hash = "sha256:fe155130631a2471fd2e14a7a664a4dfbd7194b8229c3d7b2a40b21178639081", size = 11135539, upload-time = "2026-08-13T15:16:30.87Z" },
    { url = "https://files.pythonhosted.org/packages/3e/1e/4b8b72f0d006dbf19326aa99f9ca0ee2ff374187c4d301cf529a51aa06fe/ruff-0.16.3-py3-none-macosx_11_0_arm64.whl", hash = "sha256:e2ed719e14aa64d895c2ee922594a90a43c861a93f0575a95ff8c47cdbd13eb9", size = 10475095, upload-time = "2026-08-13T15:16:33.259Z" },
    { url = "https://files.pythonhosted.org/packages/92/32/2201fa49ba1f6c101ee321e83f051ac7a4b8d07b0ef6b4d3f2772b302275/ruff-0.16.3-py3-none-manylinux_2_17_aarch64.manylinux2014_aarch64.whl", hash = "sha256:9e0b1da805eb043654645d74d5de1e5ce2edc686e40790d2b86f56d71cc06a84", size = 10668771, upload-time = "2026-08-13T15:16:35.65Z" },
    { url = "https://files.pythonhosted.org/packages/c3/66/4afc5c8363bd04d45effce1b7c8713ca037d7a6740b7451a2403a6e3a972/ruff-0.16.3-py3-none-manylinux_2_17_armv7l.manylinux2014_armv7l.whl", hash = "sha256:a37bdea0bbe21780f590bf437d6412c8c4e1b6cd010f91a65c2c40c5e5f5f870", size = 10699568, upload-time = "2026-08-13T15:16:38.195Z" },
    { url = "https://files.pythonhosted.org/packages/53/fd/c67d246bf36bf1698551c56de39e95cd07f70e64433e0098e6267d77061b/ruff-0.16.3-py3-none-manylinux_2_17_i686.manylinux2014_i686.whl", hash = "sha256:09571e6d1288ed9be475207a3ac04ada404f1cd898104be0f6ab8d7df438575b", size = 11499365, upload-time = "2026-08-13T15:16:40.623Z" },
    { url = "https://files.pythonhosted.org/packages/67/0b/00ecbceb99a263af7b12f6f05ac3c92bc47b905e91adc3f207a836e3bc01/ruff-0.16.3-py3-none-manylinux_2_17_ppc64le.manylinux2014_ppc64le.whl", hash = "sha256:2c18c5a101eb540010638cc1ff3c84944d3adb3df62b8d98ca8f22ba484d3413", size = 12311728, upload-time = "2026-08-13T15:16:43.564Z" },
    { url = "https://files.pythonhosted.org/packages/54/b2/b7b3bb54f4d3f7db504e476ad4ab8de530dceebe2c061384b2757ee419e8/ruff-0.16.3-py3-none-manylinux_2_17_s390x.manylinux2014_s390x.whl", hash = "sha256:8457c44f15033c85ddbb77b15d451df9e24e4bd03b628396dd3610cedc3b8f82", size = 11699896, upload-time = "2026-08-13T15:16:46.209Z" },
    { url = "https://files.pythonhosted.org/packages/c7/30/4c468429ac195addc5ee1b717b6ab1b66632786737ca3b2ed3443fb0c26a/ruff-0.16.3-py3-none-manylinux_2_17_x86_64.manylinux2014_x86_64.whl", hash = "sha256:294b95c4ae0cda9388525c2047778aa758d6b8d4bb876fd4e9eaa3ebc92343eb", size = 11058736, upload-time = "2026-08-13T15:16:48.823Z" },
    { url = "https://files.pythonhosted.org/packages/43/67/7a113cdaddf24b64d7f75b1242a99d04c82fcef4f6921fdbb832beaffb5f/ruff-0.16.3-py3-none-manylinux_2_31_riscv64.whl", hash = "sha256:3d0c7c40c87c2a820509c31ba007968da6e1306468c067b2d82fbfdbcd0e8474", size = 11586911, upload-time = "2026-08-13T15:16:51.913Z" },
    { url = "https://files.pythonhosted.org/packages/f1/c1/2e66f24c0f3ead25a5e660111778685e505e5da353c82802bf49f0cbe7b9/ruff-0.16.3-py3-none-musllinux_1_2_aarch64.whl", hash = "sha256:9f738c0fdfa8eed0b2ce7fb27ee7258208a92a68d7949e62aa15164bc7b389da", size = 10954265, upload-time = "2026-08-13T15:16:54.763Z" },
    { url = "https://files.pythonhosted.org/packages/c2/ba/4cee23bf52cba9a058d3726de623624daf50ef9638868edd86f4126157f6/ruff-0.16.3-py3-none-musllinux_1_2_armv7l.whl", hash = "sha256:fb785f0be25abe69d320415cd4f833b59e17ba7613d9ba6a958023b6bceb0a50", size = 10709886, upload-time = "2026-08-13T15:16:57.339Z" },
    { url = "https://files.pythonhosted.org/packages/82/df/7da7194fa5d9dc0a285f7e6fa5a4722e7c63faac0b45b614ded9314363a1/ruff-0.16.3-py3-none-musllinux_1_2_i686.whl", hash = "sha256:c5536e3acfbf9563085aa2be7b13c629c3077e902afc5b941ac44024dbb9f506", size = 11210392, upload-time = "2026-08-13T15:17:00.171Z" },
    { url = "https://files.pythonhosted.org/packages/35/85/7795f6e817af050e7517bf3e7aa9b061cce70ef33d280aad902c956c1ecf/ruff-0.16.3-py3-none-musllinux_1_2_x86_64.whl", hash = "sha256:a2d85c02f9b8e165d85e6779184d38c4132de12603dab59c51c28e22584f9e4d", size = 11626910, upload-time = "2026-08-13T15:17:03.299Z" },
    { url = "https://files.pythonhosted.org/packages/78/9b/475b927cf27a5cbbda3c7bafb69ed6ff77e1d7923d5d85f17c2749d7ae32/ruff-0.16.3-py3-none-win32.whl", hash = "sha256:388cdf2166642bd9b13d52b5932d3170f34f8abed7e8d9a855f1d84b83645a0a", size = 10931415, upload-time = "2026-08-13T15:17:05.726Z" },
    { url = "https://files.pythonhosted.org/packages/b2/99/e2a2bfc4fbf0a1e8a916bc9ebe6fe6c58cc34c28e0ffc6ce281d572d1c2e/ruff-0.16.3-py3-none-win_amd64.whl", hash = "sha256:e80a7d69ca2a6d1c4d352ec91458cdca6e56c83cdbcabd93e4abe1e53591d948", size = 11445993, upload-time = "2026-08-13T15:17:08.353Z" },
    { url = "https://files.pythonhosted.org/packages/69/3e/4132e539aed78c148854d4997a2685b0ed4dc4e87110b59ce528564e184e/ruff-0.16.3-py3-none-win_arm64.whl", hash = "sha256:b8ca152da82c1acc1fa8d5874b15951935f0eef46f10e6954c83859011b6178a", size = 11399302, upload-time = "2026-08-13T15:17:10.908Z" },
]

[[package]]
name = "typing-extensions"
version = "4.16.0"
source = { registry = "https://pypi.org/simple" }
sdist = { url = "https://files.pythonhosted.org/packages/f6/cc/6253133b5bb138fc3306cebfbda2c520f545d36b5be2c7255cc528bb45d6/typing_extensions-4.16.0.tar.gz", hash = "sha256:dc983d19a509c94dba722ee6abd33940f7c05a89e243c47e907eb4db6f1a43e5", size = 113555, upload-time = "2026-07-02T08:40:05.92Z" }
wheels = [
    { url = "https://files.pythonhosted.org/packages/49/d3/b8441a820a491ddfc024b0b0cf0393375b75ea13866d9c66727e54c2fc80/typing_extensions-4.16.0-py3-none-any.whl", hash = "sha256:481caa481374e813c1b176ada14e97f1f67a4539ce9cfeb3f350d78d6370c2e8", size = 45571, upload-time = "2026-07-02T08:40:04.659Z" },
]
